{
    "_readme": [
        "This file locks the dependencies of your project to a known state",
        "Read more about it at https://getcomposer.org/doc/01-basic-usage.md#composer-lock-the-lock-file",
        "This file is @generated automatically"
    ],
    "hash": "905dd7960e78379c3ccad72b8b2f64b6",
    "packages": [
        {
            "name": "websharks/dicer",
            "version": "dev-master",
            "source": {
                "type": "git",
                "url": "https://github.com/websharks/dicer.git",
                "reference": "0d33cbf44991dd902dd2132c36124c8eca8c2bb1"
            },
            "dist": {
                "type": "zip",
                "url": "https://api.github.com/repos/websharks/dicer/zipball/0d33cbf44991dd902dd2132c36124c8eca8c2bb1",
                "reference": "0d33cbf44991dd902dd2132c36124c8eca8c2bb1",
                "shasum": ""
            },
            "require": {
                "php": ">=5.4.7"
            },
            "type": "library",
            "autoload": {
                "psr-4": {
                    "WebSharks\\Dicer\\": "src/includes/classes"
                }
            },
            "notification-url": "https://packagist.org/downloads/",
            "license": [
                "BSD-2-Clause"
            ],
            "authors": [
                {
                    "name": "websharks",
                    "homepage": "http://websharks-inc.com/",
                    "role": "company"
                },
                {
                    "name": "jaswsinc",
                    "homepage": "http://jaswsinc.com/",
                    "role": "developer"
                },
                {
                    "name": "raamdev",
                    "homepage": "http://raam.org/",
                    "role": "developer"
                }
            ],
            "description": "Dependency injector for PHP.",
            "homepage": "https://github.com/websharks/dicer",
            "keywords": [
                "websharks"
            ],
            "time": "2015-05-11 15:25:50"
        }
    ],
    "packages-dev": [],
    "aliases": [],
    "minimum-stability": "dev",
    "stability-flags": {
        "websharks/dicer": 20
    },
    "prefer-stable": true,
    "prefer-lowest": false,
    "platform": {
        "php": ">=5.4.7",
        "ext-openssl": "*",
        "ext-curl": "*",
        "ext-mbstring": "*"
    },
    "platform-dev": []
}
